
Microsoft Visual Studio Solution File, Format Version 12.00
# Visual Studio 15
VisualStudioVersion = 15.0.28307.136
MinimumVisualStudioVersion = 10.0.40219.1
Project("{FAE04EC0-301F-11D3-BF4B-00C04F79EFBC}") = "QuantumAlgorithms.DataModels", "QuantumAlgorithms.DataModels\QuantumAlgorithms.DataModels.csproj", "{6E3F9853-6709-437A-98C5-D5A0AAF44D1C}"
EndProject
Project("{FAE04EC0-301F-11D3-BF4B-00C04F79EFBC}") = "QuantumAlgorithms.Sandbox", "QuantumAlgorithms.Sandbox\QuantumAlgorithms.Sandbox.csproj", "{46351E4A-DFDC-4AB4-A026-237BF29BFF6D}"
EndProject
Global
	GlobalSection(SolutionConfigurationPlatforms) = preSolution
		Debug|Any CPU = Debug|Any CPU
		Release|Any CPU = Release|Any CPU
	EndGlobalSection
	GlobalSection(ProjectConfigurationPlatforms) = postSolution
		{6E3F9853-6709-437A-98C5-D5A0AAF44D1C}.Debug|Any CPU.ActiveCfg = Debug|Any CPU
		{6E3F9853-6709-437A-98C5-D5A0AAF44D1C}.Debug|Any CPU.Build.0 = Debug|Any CPU
		{6E3F9853-6709-437A-98C5-D5A0AAF44D1C}.Release|Any CPU.ActiveCfg = Release|Any CPU
		{6E3F9853-6709-437A-98C5-D5A0AAF44D1C}.Release|Any CPU.Build.0 = Release|Any CPU
		{46351E4A-DFDC-4AB4-A026-237BF29BFF6D}.Debug|Any CPU.ActiveCfg = Debug|Any CPU
		{46351E4A-DFDC-4AB4-A026-237BF29BFF6D}.Debug|Any CPU.Build.0 = Debug|Any CPU
		{46351E4A-DFDC-4AB4-A026-237BF29BFF6D}.Release|Any CPU.ActiveCfg = Release|Any CPU
		{46351E4A-DFDC-4AB4-A026-237BF29BFF6D}.Release|Any CPU.Build.0 = Release|Any CPU
	EndGlobalSection
	GlobalSection(SolutionProperties) = preSolution
		HideSolutionNode = FALSE
	EndGlobalSection
	GlobalSection(ExtensibilityGlobals) = postSolution
		SolutionGuid = {6DDA7D91-767B-4FE9-982B-7D722EB5E1BB}
	EndGlobalSection
EndGlobal
